{
  "requires": true,
  "lockfileVersion": 1,
  "dependencies": {
    "reels": {
      "version": "2.0.0",
      "resolved": "https://registry.npmjs.org/reels/-/reels-2.0.0.tgz",
      "integrity": "sha512-imnmTUF+ktU1sh3KYPDleEA7o5tUr4Se07FUEb7sP09FX4S2d78q1g4BzbdmJO1vsiPfKBei2IQ4B/cDW2wQqQ=="
    }
  }
}
